
Microsoft Visual Studio Solution File, Format Version 12.00
# Visual Studio Version 17
VisualStudioVersion = 17.9.34728.123
MinimumVisualStudioVersion = 10.0.40219.1
Project("{9A19103F-16F7-4668-BE54-9A1E7A4F7556}") = "KnowledgeBaseAPI", "KnowledgeBaseAPI.csproj", "{49046D0E-D47B-4299-8347-CAC6372507FE}"
EndProject
Global
	GlobalSection(SolutionConfigurationPlatforms) = preSolution
		Debug|Any CPU = Debug|Any CPU
		Release|Any CPU = Release|Any CPU
	EndGlobalSection
	GlobalSection(ProjectConfigurationPlatforms) = postSolution
		{49046D0E-D47B-4299-8347-CAC6372507FE}.Debug|Any CPU.ActiveCfg = Debug|Any CPU
		{49046D0E-D47B-4299-8347-CAC6372507FE}.Debug|Any CPU.Build.0 = Debug|Any CPU
		{49046D0E-D47B-4299-8347-CAC6372507FE}.Release|Any CPU.ActiveCfg = Release|Any CPU
		{49046D0E-D47B-4299-8347-CAC6372507FE}.Release|Any CPU.Build.0 = Release|Any CPU
	EndGlobalSection
	GlobalSection(SolutionProperties) = preSolution
		HideSolutionNode = FALSE
	EndGlobalSection
	GlobalSection(ExtensibilityGlobals) = postSolution
		SolutionGuid = {77AD699C-4928-49F9-B6C8-FD98227B0484}
	EndGlobalSection
EndGlobal
